{
  "name": "Advent_of_Code_2021",
  "lockfileVersion": 2,
  "requires": true,
  "packages": {
    "": {
      "dependencies": {
        "fs": "^0.0.1-security",
        "stats-lite": "^2.2.0"
      }
    },
    "node_modules/fs": {
      "version": "0.0.1-security",
      "resolved": "https://registry.npmjs.org/fs/-/fs-0.0.1-security.tgz",
      "integrity": "sha1-invTcYa23d84E/I4WLV+yq9eQdQ="
    },
    "node_modules/isnumber": {
      "version": "1.0.0",
      "resolved": "https://registry.npmjs.org/isnumber/-/isnumber-1.0.0.tgz",
      "integrity": "sha1-Dj+XWbWB2Z3YUIbw7Cp0kJz63QE="
    },
    "node_modules/stats-lite": {
      "version": "2.2.0",
      "resolved": "https://registry.npmjs.org/stats-lite/-/stats-lite-2.2.0.tgz",
      "integrity": "sha512-/Kz55rgUIv2KP2MKphwYT/NCuSfAlbbMRv2ZWw7wyXayu230zdtzhxxuXXcvsc6EmmhS8bSJl3uS1wmMHFumbA==",
      "dependencies": {
        "isnumber": "~1.0.0"
      },
      "engines": {
        "node": ">=2.0.0"
      }
    }
  },
  "dependencies": {
    "fs": {
      "version": "0.0.1-security",
      "resolved": "https://registry.npmjs.org/fs/-/fs-0.0.1-security.tgz",
      "integrity": "sha1-invTcYa23d84E/I4WLV+yq9eQdQ="
    },
    "isnumber": {
      "version": "1.0.0",
      "resolved": "https://registry.npmjs.org/isnumber/-/isnumber-1.0.0.tgz",
      "integrity": "sha1-Dj+XWbWB2Z3YUIbw7Cp0kJz63QE="
    },
    "stats-lite": {
      "version": "2.2.0",
      "resolved": "https://registry.npmjs.org/stats-lite/-/stats-lite-2.2.0.tgz",
      "integrity": "sha512-/Kz55rgUIv2KP2MKphwYT/NCuSfAlbbMRv2ZWw7wyXayu230zdtzhxxuXXcvsc6EmmhS8bSJl3uS1wmMHFumbA==",
      "requires": {
        "isnumber": "~1.0.0"
      }
    }
  }
}
